{
    "_readme": [
        "This file locks the dependencies of your project to a known state",
        "Read more about it at https://getcomposer.org/doc/01-basic-usage.md#installing-dependencies",
        "This file is @generated automatically"
    ],
    "content-hash": "1d894f2e7fde51bd2644b7eec5cd5ade",
    "packages": [
        {
            "name": "phalcon/cphalcon",
            "version": "v3.4.1",
            "source": {
                "type": "git",
                "url": "https://github.com/phalcon/cphalcon.git",
                "reference": "caeac66e7db02fd54c44a27cf22a6381654af2ee"
            },
            "dist": {
                "type": "zip",
                "url": "https://api.github.com/repos/phalcon/cphalcon/zipball/caeac66e7db02fd54c44a27cf22a6381654af2ee",
                "reference": "caeac66e7db02fd54c44a27cf22a6381654af2ee",
                "shasum": ""
            },
            "require": {
                "php": ">=5.5"
            },
            "require-dev": {
                "codeception/codeception": "^2.3",
                "codeception/specify": "^0.4",
                "codeception/verify": "^0.3",
                "doctrine/instantiator": "1.0.5",
                "ext-dom": "*",
                "ext-json": "*",
                "ext-libxml": "*",
                "ext-mbstring": "*",
                "ext-xml": "*",
                "mustache/mustache": "^2.11",
                "phalcon/zephir": "^0.10",
                "phpdocumentor/reflection-docblock": "^2.0",
                "phpunit/phpunit": "^4.8",
                "predis/predis": "^1.1",
                "squizlabs/php_codesniffer": "^2.9",
                "twig/twig": "~1.34"
            },
            "type": "library",
            "notification-url": "https://packagist.org/downloads/",
            "license": [
                "BSD-3-Clause"
            ],
            "authors": [
                {
                    "name": "Contributors",
                    "homepage": "https://github.com/phalcon/cphalcon/graphs/contributors"
                },
                {
                    "name": "Phalcon Team",
                    "email": "team@phalconphp.com",
                    "homepage": "https://phalconphp.com/en/team"
                }
            ],
            "description": "Phalcon is an open source web framework delivered as a C extension for the PHP language providing high performance and lower resource consumption.",
            "keywords": [
                "extension",
                "framework",
                "high load",
                "mvc",
                "phalcon"
            ],
            "time": "2018-08-05T15:33:04+00:00"
        }
    ],
    "packages-dev": [],
    "aliases": [],
    "minimum-stability": "stable",
    "stability-flags": [],
    "prefer-stable": false,
    "prefer-lowest": false,
    "platform": [],
    "platform-dev": []
}
